{
  "name": "assets",
  "lockfileVersion": 3,
  "requires": true,
  "packages": {
    "": {
      "dependencies": {
        "@domchristie/turn": "^3.1.1"
      }
    },
    "node_modules/@domchristie/turn": {
      "version": "3.1.1",
      "resolved": "https://registry.npmjs.org/@domchristie/turn/-/turn-3.1.1.tgz",
      "integrity": "sha512-hdS58VV28fhOCQbVu/tMKv5UIv8wDl12fiS2mmuD1sNhyMfeA99TqxsrM2IzvoXh3Izi/ry0QvfgQjwDiAOzow==",
      "peerDependencies": {
        "@hotwired/turbo": "^7"
      }
    },
    "node_modules/@hotwired/turbo": {
      "version": "7.3.0",
      "resolved": "https://registry.npmjs.org/@hotwired/turbo/-/turbo-7.3.0.tgz",
      "integrity": "sha512-Dcu+NaSvHLT7EjrDrkEmH4qET2ZJZ5IcCWmNXxNQTBwlnE5tBZfN6WxZ842n5cHV52DH/AKNirbPBtcEXDLW4g==",
      "peer": true,
      "engines": {
        "node": ">= 14"
      }
    }
  }
}
